// !$*UTF8*$!
{
	archiveVersion = 1;
	classes = {
	};
	objectVersion = 56;
	objects = {

/* Begin PBXBuildFile section */
		9D41A4B52A4CBDE5000C1CA9 /* FlipView.swift in Sources */ = {isa = PBXBuildFile; fileRef = 9D41A4B42A4CBDE5000C1CA9 /* FlipView.swift */; };
		9D41A4B72A4CC63B000C1CA9 /* ToastView.swift in Sources */ = {isa = PBXBuildFile; fileRef = 9D41A4B62A4CC63B000C1CA9 /* ToastView.swift */; };
		9D41A4B92A4CC9AF000C1CA9 /* Statistic.swift in Sources */ = {isa = PBXBuildFile; fileRef = 9D41A4B82A4CC9AF000C1CA9 /* Statistic.swift */; };
		9D41A4BB2A4CCCC3000C1CA9 /* StatsView.swift in Sources */ = {isa = PBXBuildFile; fileRef = 9D41A4BA2A4CCCC3000C1CA9 /* StatsView.swift */; };
		9D535CEF2A4C8AE70034881F /* WordleCloneApp.swift in Sources */ = {isa = PBXBuildFile; fileRef = 9D535CEE2A4C8AE70034881F /* WordleCloneApp.swift */; };
		9D535CF62A4C8AE80034881F /* Preview Assets.xcassets in Resources */ = {isa = PBXBuildFile; fileRef = 9D535CF52A4C8AE80034881F /* Preview Assets.xcassets */; };
		9D535CFD2A4C8B270034881F /* Assets.xcassets in Resources */ = {isa = PBXBuildFile; fileRef = 9D535CFC2A4C8B270034881F /* Assets.xcassets */; };
		9D535CFF2A4C8B7F0034881F /* Launch Screen.storyboard in Resources */ = {isa = PBXBuildFile; fileRef = 9D535CFE2A4C8B7F0034881F /* Launch Screen.storyboard */; };
		9D535D032A4C8DF50034881F /* GameView.swift in Sources */ = {isa = PBXBuildFile; fileRef = 9D535D022A4C8DF50034881F /* GameView.swift */; };
		9D535D062A4C8F050034881F /* Color+Extension.swift in Sources */ = {isa = PBXBuildFile; fileRef = 9D535D052A4C8F050034881F /* Color+Extension.swift */; };
		9D535D092A4C90A50034881F /* Guess.swift in Sources */ = {isa = PBXBuildFile; fileRef = 9D535D082A4C90A50034881F /* Guess.swift */; };
		9D535D0B2A4C92270034881F /* GuessView.swift in Sources */ = {isa = PBXBuildFile; fileRef = 9D535D0A2A4C92270034881F /* GuessView.swift */; };
		9D535D0E2A4C93CE0034881F /* WordleDataModel.swift in Sources */ = {isa = PBXBuildFile; fileRef = 9D535D0D2A4C93CE0034881F /* WordleDataModel.swift */; };
		9D535D102A4C950B0034881F /* Global.swift in Sources */ = {isa = PBXBuildFile; fileRef = 9D535D0F2A4C950B0034881F /* Global.swift */; };
		9D535D122A4C9B170034881F /* LetterButtonView.swift in Sources */ = {isa = PBXBuildFile; fileRef = 9D535D112A4C9B170034881F /* LetterButtonView.swift */; };
		9D535D142A4C9C3F0034881F /* Keyboard.swift in Sources */ = {isa = PBXBuildFile; fileRef = 9D535D132A4C9C3F0034881F /* Keyboard.swift */; };
		9D535D172A4CAC160034881F /* Shake.swift in Sources */ = {isa = PBXBuildFile; fileRef = 9D535D162A4CAC160034881F /* Shake.swift */; };
/* End PBXBuildFile section */

/* Begin PBXFileReference section */
		9D41A4B42A4CBDE5000C1CA9 /* FlipView.swift */ = {isa = PBXFileReference; lastKnownFileType = sourcecode.swift; path = FlipView.swift; sourceTree = "<group>"; };
		9D41A4B62A4CC63B000C1CA9 /* ToastView.swift */ = {isa = PBXFileReference; lastKnownFileType = sourcecode.swift; path = ToastView.swift; sourceTree = "<group>"; };
		9D41A4B82A4CC9AF000C1CA9 /* Statistic.swift */ = {isa = PBXFileReference; lastKnownFileType = sourcecode.swift; path = Statistic.swift; sourceTree = "<group>"; };
		9D41A4BA2A4CCCC3000C1CA9 /* StatsView.swift */ = {isa = PBXFileReference; lastKnownFileType = sourcecode.swift; path = StatsView.swift; sourceTree = "<group>"; };
		9D535CEB2A4C8AE70034881F /* WordleClone.app */ = {isa = PBXFileReference; explicitFileType = wrapper.application; includeInIndex = 0; path = WordleClone.app; sourceTree = BUILT_PRODUCTS_DIR; };
		9D535CEE2A4C8AE70034881F /* WordleCloneApp.swift */ = {isa = PBXFileReference; lastKnownFileType = sourcecode.swift; path = WordleCloneApp.swift; sourceTree = "<group>"; };
		9D535CF52A4C8AE80034881F /* Preview Assets.xcassets */ = {isa = PBXFileReference; lastKnownFileType = folder.assetcatalog; path = "Preview Assets.xcassets"; sourceTree = "<group>"; };
		9D535CFC2A4C8B270034881F /* Assets.xcassets */ = {isa = PBXFileReference; lastKnownFileType = folder.assetcatalog; name = Assets.xcassets; path = ../../../../../Downloads/Resources/Assets.xcassets; sourceTree = "<group>"; };
		9D535CFE2A4C8B7F0034881F /* Launch Screen.storyboard */ = {isa = PBXFileReference; lastKnownFileType = file.storyboard; path = "Launch Screen.storyboard"; sourceTree = "<group>"; };
		9D535D002A4C8D100034881F /* Info.plist */ = {isa = PBXFileReference; lastKnownFileType = text.plist; path = Info.plist; sourceTree = "<group>"; };
		9D535D022A4C8DF50034881F /* GameView.swift */ = {isa = PBXFileReference; lastKnownFileType = sourcecode.swift; path = GameView.swift; sourceTree = "<group>"; };
		9D535D052A4C8F050034881F /* Color+Extension.swift */ = {isa = PBXFileReference; lastKnownFileType = sourcecode.swift; path = "Color+Extension.swift"; sourceTree = "<group>"; };
		9D535D082A4C90A50034881F /* Guess.swift */ = {isa = PBXFileReference; lastKnownFileType = sourcecode.swift; path = Guess.swift; sourceTree = "<group>"; };
		9D535D0A2A4C92270034881F /* GuessView.swift */ = {isa = PBXFileReference; lastKnownFileType = sourcecode.swift; path = GuessView.swift; sourceTree = "<group>"; };
		9D535D0D2A4C93CE0034881F /* WordleDataModel.swift */ = {isa = PBXFileReference; lastKnownFileType = sourcecode.swift; path = WordleDataModel.swift; sourceTree = "<group>"; };
		9D535D0F2A4C950B0034881F /* Global.swift */ = {isa = PBXFileReference; lastKnownFileType = sourcecode.swift; path = Global.swift; sourceTree = "<group>"; };
		9D535D112A4C9B170034881F /* LetterButtonView.swift */ = {isa = PBXFileReference; lastKnownFileType = sourcecode.swift; path = LetterButtonView.swift; sourceTree = "<group>"; };
		9D535D132A4C9C3F0034881F /* Keyboard.swift */ = {isa = PBXFileReference; lastKnownFileType = sourcecode.swift; path = Keyboard.swift; sourceTree = "<group>"; };
		9D535D162A4CAC160034881F /* Shake.swift */ = {isa = PBXFileReference; lastKnownFileType = sourcecode.swift; path = Shake.swift; sourceTree = "<group>"; };
/* End PBXFileReference section */

/* Begin PBXFrameworksBuildPhase section */
		9D535CE82A4C8AE70034881F /* Frameworks */ = {
			isa = PBXFrameworksBuildPhase;
			buildActionMask = 2147483647;
			files = (
			);
			runOnlyForDeploymentPostprocessing = 0;
		};
/* End PBXFrameworksBuildPhase section */

/* Begin PBXGroup section */
		9D535CE22A4C8AE70034881F = {
			isa = PBXGroup;
			children = (
				9D535CED2A4C8AE70034881F /* WordleClone */,
				9D535CEC2A4C8AE70034881F /* Products */,
			);
			sourceTree = "<group>";
		};
		9D535CEC2A4C8AE70034881F /* Products */ = {
			isa = PBXGroup;
			children = (
				9D535CEB2A4C8AE70034881F /* WordleClone.app */,
			);
			name = Products;
			sourceTree = "<group>";
		};
		9D535CED2A4C8AE70034881F /* WordleClone */ = {
			isa = PBXGroup;
			children = (
				9D535D002A4C8D100034881F /* Info.plist */,
				9D535CEE2A4C8AE70034881F /* WordleCloneApp.swift */,
				9D535D152A4CAC070034881F /* Animations */,
				9D535D042A4C8EF10034881F /* Extensions */,
				9D535D072A4C90950034881F /* Models */,
				9D535D0C2A4C93A30034881F /* ViewModels */,
				9D535D012A4C8DE40034881F /* Views */,
				9D535CFC2A4C8B270034881F /* Assets.xcassets */,
				9D535CFE2A4C8B7F0034881F /* Launch Screen.storyboard */,
				9D535CF42A4C8AE80034881F /* Preview Content */,
			);
			path = WordleClone;
			sourceTree = "<group>";
		};
		9D535CF42A4C8AE80034881F /* Preview Content */ = {
			isa = PBXGroup;
			children = (
				9D535CF52A4C8AE80034881F /* Preview Assets.xcassets */,
			);
			path = "Preview Content";
			sourceTree = "<group>";
		};
		9D535D012A4C8DE40034881F /* Views */ = {
			isa = PBXGroup;
			children = (
				9D535D022A4C8DF50034881F /* GameView.swift */,
				9D535D0A2A4C92270034881F /* GuessView.swift */,
				9D535D112A4C9B170034881F /* LetterButtonView.swift */,
				9D535D132A4C9C3F0034881F /* Keyboard.swift */,
				9D41A4B62A4CC63B000C1CA9 /* ToastView.swift */,
				9D41A4BA2A4CCCC3000C1CA9 /* StatsView.swift */,
			);
			path = Views;
			sourceTree = "<group>";
		};
		9D535D042A4C8EF10034881F /* Extensions */ = {
			isa = PBXGroup;
			children = (
				9D535D052A4C8F050034881F /* Color+Extension.swift */,
			);
			path = Extensions;
			sourceTree = "<group>";
		};
		9D535D072A4C90950034881F /* Models */ = {
			isa = PBXGroup;
			children = (
				9D535D082A4C90A50034881F /* Guess.swift */,
				9D535D0F2A4C950B0034881F /* Global.swift */,
				9D41A4B82A4CC9AF000C1CA9 /* Statistic.swift */,
			);
			path = Models;
			sourceTree = "<group>";
		};
		9D535D0C2A4C93A30034881F /* ViewModels */ = {
			isa = PBXGroup;
			children = (
				9D535D0D2A4C93CE0034881F /* WordleDataModel.swift */,
			);
			path = ViewModels;
			sourceTree = "<group>";
		};
		9D535D152A4CAC070034881F /* Animations */ = {
			isa = PBXGroup;
			children = (
				9D535D162A4CAC160034881F /* Shake.swift */,
				9D41A4B42A4CBDE5000C1CA9 /* FlipView.swift */,
			);
			path = Animations;
			sourceTree = "<group>";
		};
/* End PBXGroup section */

/* Begin PBXNativeTarget section */
		9D535CEA2A4C8AE70034881F /* WordleClone */ = {
			isa = PBXNativeTarget;
			buildConfigurationList = 9D535CF92A4C8AE80034881F /* Build configuration list for PBXNativeTarget "WordleClone" */;
			buildPhases = (
				9D535CE72A4C8AE70034881F /* Sources */,
				9D535CE82A4C8AE70034881F /* Frameworks */,
				9D535CE92A4C8AE70034881F /* Resources */,
			);
			buildRules = (
			);
			dependencies = (
			);
			name = WordleClone;
			productName = WordleClone;
			productReference = 9D535CEB2A4C8AE70034881F /* WordleClone.app */;
			productType = "com.apple.product-type.application";
		};
/* End PBXNativeTarget section */

/* Begin PBXProject section */
		9D535CE32A4C8AE70034881F /* Project object */ = {
			isa = PBXProject;
			attributes = {
				BuildIndependentTargetsInParallel = 1;
				LastSwiftUpdateCheck = 1420;
				LastUpgradeCheck = 1420;
				TargetAttributes = {
					9D535CEA2A4C8AE70034881F = {
						CreatedOnToolsVersion = 14.2;
					};
				};
			};
			buildConfigurationList = 9D535CE62A4C8AE70034881F /* Build configuration list for PBXProject "WordleClone" */;
			compatibilityVersion = "Xcode 14.0";
			developmentRegion = en;
			hasScannedForEncodings = 0;
			knownRegions = (
				en,
				Base,
			);
			mainGroup = 9D535CE22A4C8AE70034881F;
			productRefGroup = 9D535CEC2A4C8AE70034881F /* Products */;
			projectDirPath = "";
			projectRoot = "";
			targets = (
				9D535CEA2A4C8AE70034881F /* WordleClone */,
			);
		};
/* End PBXProject section */

/* Begin PBXResourcesBuildPhase section */
		9D535CE92A4C8AE70034881F /* Resources */ = {
			isa = PBXResourcesBuildPhase;
			buildActionMask = 2147483647;
			files = (
				9D535CFF2A4C8B7F0034881F /* Launch Screen.storyboard in Resources */,
				9D535CF62A4C8AE80034881F /* Preview Assets.xcassets in Resources */,
				9D535CFD2A4C8B270034881F /* Assets.xcassets in Resources */,
			);
			runOnlyForDeploymentPostprocessing = 0;
		};
/* End PBXResourcesBuildPhase section */

/* Begin PBXSourcesBuildPhase section */
		9D535CE72A4C8AE70034881F /* Sources */ = {
			isa = PBXSourcesBuildPhase;
			buildActionMask = 2147483647;
			files = (
				9D535D122A4C9B170034881F /* LetterButtonView.swift in Sources */,
				9D41A4B52A4CBDE5000C1CA9 /* FlipView.swift in Sources */,
				9D535D032A4C8DF50034881F /* GameView.swift in Sources */,
				9D535D0B2A4C92270034881F /* GuessView.swift in Sources */,
				9D41A4B72A4CC63B000C1CA9 /* ToastView.swift in Sources */,
				9D535D092A4C90A50034881F /* Guess.swift in Sources */,
				9D535D142A4C9C3F0034881F /* Keyboard.swift in Sources */,
				9D535D062A4C8F050034881F /* Color+Extension.swift in Sources */,
				9D535D172A4CAC160034881F /* Shake.swift in Sources */,
				9D535D0E2A4C93CE0034881F /* WordleDataModel.swift in Sources */,
				9D535CEF2A4C8AE70034881F /* WordleCloneApp.swift in Sources */,
				9D535D102A4C950B0034881F /* Global.swift in Sources */,
				9D41A4BB2A4CCCC3000C1CA9 /* StatsView.swift in Sources */,
				9D41A4B92A4CC9AF000C1CA9 /* Statistic.swift in Sources */,
			);
			runOnlyForDeploymentPostprocessing = 0;
		};
/* End PBXSourcesBuildPhase section */

/* Begin XCBuildConfiguration section */
		9D535CF72A4C8AE80034881F /* Debug */ = {
			isa = XCBuildConfiguration;
			buildSettings = {
				ALWAYS_SEARCH_USER_PATHS = NO;
				CLANG_ANALYZER_NONNULL = YES;
				CLANG_ANALYZER_NUMBER_OBJECT_CONVERSION = YES_AGGRESSIVE;
				CLANG_CXX_LANGUAGE_STANDARD = "gnu++20";
				CLANG_ENABLE_MODULES = YES;
				CLANG_ENABLE_OBJC_ARC = YES;
				CLANG_ENABLE_OBJC_WEAK = YES;
				CLANG_WARN_BLOCK_CAPTURE_AUTORELEASING = YES;
				CLANG_WARN_BOOL_CONVERSION = YES;
				CLANG_WARN_COMMA = YES;
				CLANG_WARN_CONSTANT_CONVERSION = YES;
				CLANG_WARN_DEPRECATED_OBJC_IMPLEMENTATIONS = YES;
				CLANG_WARN_DIRECT_OBJC_ISA_USAGE = YES_ERROR;
				CLANG_WARN_DOCUMENTATION_COMMENTS = YES;
				CLANG_WARN_EMPTY_BODY = YES;
				CLANG_WARN_ENUM_CONVERSION = YES;
				CLANG_WARN_INFINITE_RECURSION = YES;
				CLANG_WARN_INT_CONVERSION = YES;
				CLANG_WARN_NON_LITERAL_NULL_CONVERSION = YES;
				CLANG_WARN_OBJC_IMPLICIT_RETAIN_SELF = YES;
				CLANG_WARN_OBJC_LITERAL_CONVERSION = YES;
				CLANG_WARN_OBJC_ROOT_CLASS = YES_ERROR;
				CLANG_WARN_QUOTED_INCLUDE_IN_FRAMEWORK_HEADER = YES;
				CLANG_WARN_RANGE_LOOP_ANALYSIS = YES;
				CLANG_WARN_STRICT_PROTOTYPES = YES;
				CLANG_WARN_SUSPICIOUS_MOVE = YES;
				CLANG_WARN_UNGUARDED_AVAILABILITY = YES_AGGRESSIVE;
				CLANG_WARN_UNREACHABLE_CODE = YES;
				CLANG_WARN__DUPLICATE_METHOD_MATCH = YES;
				COPY_PHASE_STRIP = NO;
				DEBUG_INFORMATION_FORMAT = dwarf;
				ENABLE_STRICT_OBJC_MSGSEND = YES;
				ENABLE_TESTABILITY = YES;
				GCC_C_LANGUAGE_STANDARD = gnu11;
				GCC_DYNAMIC_NO_PIC = NO;
				GCC_NO_COMMON_BLOCKS = YES;
				GCC_OPTIMIZATION_LEVEL = 0;
				GCC_PREPROCESSOR_DEFINITIONS = (
					"DEBUG=1",
					"$(inherited)",
				);
				GCC_WARN_64_TO_32_BIT_CONVERSION = YES;
				GCC_WARN_ABOUT_RETURN_TYPE = YES_ERROR;
				GCC_WARN_UNDECLARED_SELECTOR = YES;
				GCC_WARN_UNINITIALIZED_AUTOS = YES_AGGRESSIVE;
				GCC_WARN_UNUSED_FUNCTION = YES;
				GCC_WARN_UNUSED_VARIABLE = YES;
				IPHONEOS_DEPLOYMENT_TARGET = 16.2;
				MTL_ENABLE_DEBUG_INFO = INCLUDE_SOURCE;
				MTL_FAST_MATH = YES;
				ONLY_ACTIVE_ARCH = YES;
				SDKROOT = iphoneos;
				SWIFT_ACTIVE_COMPILATION_CONDITIONS = DEBUG;
				SWIFT_OPTIMIZATION_LEVEL = "-Onone";
			};
			name = Debug;
		};
		9D535CF82A4C8AE80034881F /* Release */ = {
			isa = XCBuildConfiguration;
			buildSettings = {
				ALWAYS_SEARCH_USER_PATHS = NO;
				CLANG_ANALYZER_NONNULL = YES;
				CLANG_ANALYZER_NUMBER_OBJECT_CONVERSION = YES_AGGRESSIVE;
				CLANG_CXX_LANGUAGE_STANDARD = "gnu++20";
				CLANG_ENABLE_MODULES = YES;
				CLANG_ENABLE_OBJC_ARC = YES;
				CLANG_ENABLE_OBJC_WEAK = YES;
				CLANG_WARN_BLOCK_CAPTURE_AUTORELEASING = YES;
				CLANG_WARN_BOOL_CONVERSION = YES;
				CLANG_WARN_COMMA = YES;
				CLANG_WARN_CONSTANT_CONVERSION = YES;
				CLANG_WARN_DEPRECATED_OBJC_IMPLEMENTATIONS = YES;
				CLANG_WARN_DIRECT_OBJC_ISA_USAGE = YES_ERROR;
				CLANG_WARN_DOCUMENTATION_COMMENTS = YES;
				CLANG_WARN_EMPTY_BODY = YES;
				CLANG_WARN_ENUM_CONVERSION = YES;
				CLANG_WARN_INFINITE_RECURSION = YES;
				CLANG_WARN_INT_CONVERSION = YES;
				CLANG_WARN_NON_LITERAL_NULL_CONVERSION = YES;
				CLANG_WARN_OBJC_IMPLICIT_RETAIN_SELF = YES;
				CLANG_WARN_OBJC_LITERAL_CONVERSION = YES;
				CLANG_WARN_OBJC_ROOT_CLASS = YES_ERROR;
				CLANG_WARN_QUOTED_INCLUDE_IN_FRAMEWORK_HEADER = YES;
				CLANG_WARN_RANGE_LOOP_ANALYSIS = YES;
				CLANG_WARN_STRICT_PROTOTYPES = YES;
				CLANG_WARN_SUSPICIOUS_MOVE = YES;
				CLANG_WARN_UNGUARDED_AVAILABILITY = YES_AGGRESSIVE;
				CLANG_WARN_UNREACHABLE_CODE = YES;
				CLANG_WARN__DUPLICATE_METHOD_MATCH = YES;
				COPY_PHASE_STRIP = NO;
				DEBUG_INFORMATION_FORMAT = "dwarf-with-dsym";
				ENABLE_NS_ASSERTIONS = NO;
				ENABLE_STRICT_OBJC_MSGSEND = YES;
				GCC_C_LANGUAGE_STANDARD = gnu11;
				GCC_NO_COMMON_BLOCKS = YES;
				GCC_WARN_64_TO_32_BIT_CONVERSION = YES;
				GCC_WARN_ABOUT_RETURN_TYPE = YES_ERROR;
				GCC_WARN_UNDECLARED_SELECTOR = YES;
				GCC_WARN_UNINITIALIZED_AUTOS = YES_AGGRESSIVE;
				GCC_WARN_UNUSED_FUNCTION = YES;
				GCC_WARN_UNUSED_VARIABLE = YES;
				IPHONEOS_DEPLOYMENT_TARGET = 16.2;
				MTL_ENABLE_DEBUG_INFO = NO;
				MTL_FAST_MATH = YES;
				SDKROOT = iphoneos;
				SWIFT_COMPILATION_MODE = wholemodule;
				SWIFT_OPTIMIZATION_LEVEL = "-O";
				VALIDATE_PRODUCT = YES;
			};
			name = Release;
		};
		9D535CFA2A4C8AE80034881F /* Debug */ = {
			isa = XCBuildConfiguration;
			buildSettings = {
				ASSETCATALOG_COMPILER_APPICON_NAME = AppIcon;
				ASSETCATALOG_COMPILER_GLOBAL_ACCENT_COLOR_NAME = AccentColor;
				CODE_SIGN_STYLE = Automatic;
				CURRENT_PROJECT_VERSION = 1;
				DEVELOPMENT_ASSET_PATHS = "\"WordleClone/Preview Content\"";
				DEVELOPMENT_TEAM = 97CFN8YS24;
				ENABLE_PREVIEWS = YES;
				GENERATE_INFOPLIST_FILE = YES;
				INFOPLIST_FILE = WordleClone/Info.plist;
				INFOPLIST_KEY_UIApplicationSupportsIndirectInputEvents = YES;
				INFOPLIST_KEY_UILaunchScreen_Generation = YES;
				INFOPLIST_KEY_UILaunchStoryboardName = "Launch Screen.storyboard";
				INFOPLIST_KEY_UIRequiresFullScreen = YES;
				INFOPLIST_KEY_UISupportedInterfaceOrientations_iPad = "UIInterfaceOrientationPortrait UIInterfaceOrientationPortraitUpsideDown UIInterfaceOrientationLandscapeLeft UIInterfaceOrientationLandscapeRight";
				INFOPLIST_KEY_UISupportedInterfaceOrientations_iPhone = UIInterfaceOrientationPortrait;
				LD_RUNPATH_SEARCH_PATHS = (
					"$(inherited)",
					"@executable_path/Frameworks",
				);
				MARKETING_VERSION = 1.0;
				PRODUCT_BUNDLE_IDENTIFIER = maxvalek.WordleClone;
				PRODUCT_NAME = "$(TARGET_NAME)";
				SWIFT_EMIT_LOC_STRINGS = YES;
				SWIFT_VERSION = 5.0;
				TARGETED_DEVICE_FAMILY = "1,2";
			};
			name = Debug;
		};
		9D535CFB2A4C8AE80034881F /* Release */ = {
			isa = XCBuildConfiguration;
			buildSettings = {
				ASSETCATALOG_COMPILER_APPICON_NAME = AppIcon;
				ASSETCATALOG_COMPILER_GLOBAL_ACCENT_COLOR_NAME = AccentColor;
				CODE_SIGN_STYLE = Automatic;
				CURRENT_PROJECT_VERSION = 1;
				DEVELOPMENT_ASSET_PATHS = "\"WordleClone/Preview Content\"";
				DEVELOPMENT_TEAM = 97CFN8YS24;
				ENABLE_PREVIEWS = YES;
				GENERATE_INFOPLIST_FILE = YES;
				INFOPLIST_FILE = WordleClone/Info.plist;
				INFOPLIST_KEY_UIApplicationSupportsIndirectInputEvents = YES;
				INFOPLIST_KEY_UILaunchScreen_Generation = YES;
				INFOPLIST_KEY_UILaunchStoryboardName = "Launch Screen.storyboard";
				INFOPLIST_KEY_UIRequiresFullScreen = YES;
				INFOPLIST_KEY_UISupportedInterfaceOrientations_iPad = "UIInterfaceOrientationPortrait UIInterfaceOrientationPortraitUpsideDown UIInterfaceOrientationLandscapeLeft UIInterfaceOrientationLandscapeRight";
				INFOPLIST_KEY_UISupportedInterfaceOrientations_iPhone = UIInterfaceOrientationPortrait;
				LD_RUNPATH_SEARCH_PATHS = (
					"$(inherited)",
					"@executable_path/Frameworks",
				);
				MARKETING_VERSION = 1.0;
				PRODUCT_BUNDLE_IDENTIFIER = maxvalek.WordleClone;
				PRODUCT_NAME = "$(TARGET_NAME)";
				SWIFT_EMIT_LOC_STRINGS = YES;
				SWIFT_VERSION = 5.0;
				TARGETED_DEVICE_FAMILY = "1,2";
			};
			name = Release;
		};
/* End XCBuildConfiguration section */

/* Begin XCConfigurationList section */
		9D535CE62A4C8AE70034881F /* Build configuration list for PBXProject "WordleClone" */ = {
			isa = XCConfigurationList;
			buildConfigurations = (
				9D535CF72A4C8AE80034881F /* Debug */,
				9D535CF82A4C8AE80034881F /* Release */,
			);
			defaultConfigurationIsVisible = 0;
			defaultConfigurationName = Release;
		};
		9D535CF92A4C8AE80034881F /* Build configuration list for PBXNativeTarget "WordleClone" */ = {
			isa = XCConfigurationList;
			buildConfigurations = (
				9D535CFA2A4C8AE80034881F /* Debug */,
				9D535CFB2A4C8AE80034881F /* Release */,
			);
			defaultConfigurationIsVisible = 0;
			defaultConfigurationName = Release;
		};
/* End XCConfigurationList section */
	};
	rootObject = 9D535CE32A4C8AE70034881F /* Project object */;
}
